
Microsoft Visual Studio Solution File, Format Version 12.00
# Visual Studio Version 16
VisualStudioVersion = 16.0.30011.22
MinimumVisualStudioVersion = 10.0.40219.1
Project("{FAE04EC0-301F-11D3-BF4B-00C04F79EFBC}") = "VivantioApi.Model", "VivantioApi.Model\VivantioApi.Model.csproj", "{625B885F-3A28-4728-990A-DEE1E64CD5C4}"
EndProject
Project("{FAE04EC0-301F-11D3-BF4B-00C04F79EFBC}") = "VivantioApi.Data", "VivantioApi.Data\VivantioApi.Data.csproj", "{1F517B0E-DD1F-4B30-B06D-B171BE260253}"
EndProject
Project("{FAE04EC0-301F-11D3-BF4B-00C04F79EFBC}") = "CustomForms.Con", "CustomForms.Con\CustomForms.Con.csproj", "{45799CC5-2127-4286-8828-7C262B92EA51}"
EndProject
Project("{FAE04EC0-301F-11D3-BF4B-00C04F79EFBC}") = "Tickets.Con", "Tickets.Con\Tickets.Con.csproj", "{7511F6CE-F121-44A4-84D7-7306F3F7CA0B}"
EndProject
Global
	GlobalSection(SolutionConfigurationPlatforms) = preSolution
		Debug|Any CPU = Debug|Any CPU
		Release|Any CPU = Release|Any CPU
	EndGlobalSection
	GlobalSection(ProjectConfigurationPlatforms) = postSolution
		{625B885F-3A28-4728-990A-DEE1E64CD5C4}.Debug|Any CPU.ActiveCfg = Debug|Any CPU
		{625B885F-3A28-4728-990A-DEE1E64CD5C4}.Debug|Any CPU.Build.0 = Debug|Any CPU
		{625B885F-3A28-4728-990A-DEE1E64CD5C4}.Release|Any CPU.ActiveCfg = Release|Any CPU
		{625B885F-3A28-4728-990A-DEE1E64CD5C4}.Release|Any CPU.Build.0 = Release|Any CPU
		{1F517B0E-DD1F-4B30-B06D-B171BE260253}.Debug|Any CPU.ActiveCfg = Debug|Any CPU
		{1F517B0E-DD1F-4B30-B06D-B171BE260253}.Debug|Any CPU.Build.0 = Debug|Any CPU
		{1F517B0E-DD1F-4B30-B06D-B171BE260253}.Release|Any CPU.ActiveCfg = Release|Any CPU
		{1F517B0E-DD1F-4B30-B06D-B171BE260253}.Release|Any CPU.Build.0 = Release|Any CPU
		{45799CC5-2127-4286-8828-7C262B92EA51}.Debug|Any CPU.ActiveCfg = Debug|Any CPU
		{45799CC5-2127-4286-8828-7C262B92EA51}.Debug|Any CPU.Build.0 = Debug|Any CPU
		{45799CC5-2127-4286-8828-7C262B92EA51}.Release|Any CPU.ActiveCfg = Release|Any CPU
		{45799CC5-2127-4286-8828-7C262B92EA51}.Release|Any CPU.Build.0 = Release|Any CPU
		{7511F6CE-F121-44A4-84D7-7306F3F7CA0B}.Debug|Any CPU.ActiveCfg = Debug|Any CPU
		{7511F6CE-F121-44A4-84D7-7306F3F7CA0B}.Debug|Any CPU.Build.0 = Debug|Any CPU
		{7511F6CE-F121-44A4-84D7-7306F3F7CA0B}.Release|Any CPU.ActiveCfg = Release|Any CPU
		{7511F6CE-F121-44A4-84D7-7306F3F7CA0B}.Release|Any CPU.Build.0 = Release|Any CPU
	EndGlobalSection
	GlobalSection(SolutionProperties) = preSolution
		HideSolutionNode = FALSE
	EndGlobalSection
	GlobalSection(ExtensibilityGlobals) = postSolution
		SolutionGuid = {1BDAE563-738A-4AF0-A651-CDEF5739FC19}
	EndGlobalSection
EndGlobal
