
Microsoft Visual Studio Solution File, Format Version 12.00
# Visual Studio 2012
Project("{FAE04EC0-301F-11D3-BF4B-00C04F79EFBC}") = "DTO", "DTO\DTO.csproj", "{E835EAEC-D1AB-4E5D-823D-F71D7B7A30C6}"
EndProject
Project("{FAE04EC0-301F-11D3-BF4B-00C04F79EFBC}") = "JsonApi", "JsonApi\JsonApi.csproj", "{C6001E08-5E0F-4C19-8BB3-7F15D236F047}"
EndProject
Project("{FAE04EC0-301F-11D3-BF4B-00C04F79EFBC}") = "MvcSamples", "MvcSamples\MvcSamples.csproj", "{A8136A88-ABE7-4375-A6AC-DC745BD2FE06}"
EndProject
Global
	GlobalSection(SolutionConfigurationPlatforms) = preSolution
		Debug|Any CPU = Debug|Any CPU
		Release|Any CPU = Release|Any CPU
	EndGlobalSection
	GlobalSection(ProjectConfigurationPlatforms) = postSolution
		{E835EAEC-D1AB-4E5D-823D-F71D7B7A30C6}.Debug|Any CPU.ActiveCfg = Debug|Any CPU
		{E835EAEC-D1AB-4E5D-823D-F71D7B7A30C6}.Debug|Any CPU.Build.0 = Debug|Any CPU
		{E835EAEC-D1AB-4E5D-823D-F71D7B7A30C6}.Release|Any CPU.ActiveCfg = Release|Any CPU
		{E835EAEC-D1AB-4E5D-823D-F71D7B7A30C6}.Release|Any CPU.Build.0 = Release|Any CPU
		{C6001E08-5E0F-4C19-8BB3-7F15D236F047}.Debug|Any CPU.ActiveCfg = Debug|Any CPU
		{C6001E08-5E0F-4C19-8BB3-7F15D236F047}.Debug|Any CPU.Build.0 = Debug|Any CPU
		{C6001E08-5E0F-4C19-8BB3-7F15D236F047}.Release|Any CPU.ActiveCfg = Release|Any CPU
		{C6001E08-5E0F-4C19-8BB3-7F15D236F047}.Release|Any CPU.Build.0 = Release|Any CPU
		{A8136A88-ABE7-4375-A6AC-DC745BD2FE06}.Debug|Any CPU.ActiveCfg = Debug|Any CPU
		{A8136A88-ABE7-4375-A6AC-DC745BD2FE06}.Debug|Any CPU.Build.0 = Debug|Any CPU
		{A8136A88-ABE7-4375-A6AC-DC745BD2FE06}.Release|Any CPU.ActiveCfg = Release|Any CPU
		{A8136A88-ABE7-4375-A6AC-DC745BD2FE06}.Release|Any CPU.Build.0 = Release|Any CPU
	EndGlobalSection
	GlobalSection(SolutionProperties) = preSolution
		HideSolutionNode = FALSE
	EndGlobalSection
EndGlobal
